
Microsoft Visual Studio Solution File, Format Version 12.00
# Visual Studio Version 17
VisualStudioVersion = 17.0.32112.339
MinimumVisualStudioVersion = 10.0.40219.1
Project("{FAE04EC0-301F-11D3-BF4B-00C04F79EFBC}") = "FileSearch", "FileSearch.csproj", "{47C989B6-1E0B-4EF3-8AF5-8E493D043559}"
EndProject
Project("{2150E333-8FDC-42A3-9474-1A3956D46DE8}") = "Solution Items", "Solution Items", "{E8B0B921-1836-4358-8A26-5CF4AFCD20A5}"
	ProjectSection(SolutionItems) = preProject
		History.txt = History.txt
	EndProjectSection
EndProject
Project("{FAE04EC0-301F-11D3-BF4B-00C04F79EFBC}") = "FileSearch.Class", "FileSearch.Class\FileSearch.Class.csproj", "{61ACB3C9-99E7-4122-8F44-0602F78977D8}"
EndProject
Project("{FAE04EC0-301F-11D3-BF4B-00C04F79EFBC}") = "FileSearch.Class.UnitTesting", "FileSearch.Class.UnitTesting\FileSearch.Class.UnitTesting.csproj", "{C97FA452-48E8-4D99-9BF1-54FE293A130C}"
EndProject
Global
	GlobalSection(SolutionConfigurationPlatforms) = preSolution
		Debug|Any CPU = Debug|Any CPU
		Release|Any CPU = Release|Any CPU
	EndGlobalSection
	GlobalSection(ProjectConfigurationPlatforms) = postSolution
		{47C989B6-1E0B-4EF3-8AF5-8E493D043559}.Debug|Any CPU.ActiveCfg = Debug|Any CPU
		{47C989B6-1E0B-4EF3-8AF5-8E493D043559}.Debug|Any CPU.Build.0 = Debug|Any CPU
		{47C989B6-1E0B-4EF3-8AF5-8E493D043559}.Release|Any CPU.ActiveCfg = Release|Any CPU
		{47C989B6-1E0B-4EF3-8AF5-8E493D043559}.Release|Any CPU.Build.0 = Release|Any CPU
		{61ACB3C9-99E7-4122-8F44-0602F78977D8}.Debug|Any CPU.ActiveCfg = Debug|Any CPU
		{61ACB3C9-99E7-4122-8F44-0602F78977D8}.Debug|Any CPU.Build.0 = Debug|Any CPU
		{61ACB3C9-99E7-4122-8F44-0602F78977D8}.Release|Any CPU.ActiveCfg = Release|Any CPU
		{61ACB3C9-99E7-4122-8F44-0602F78977D8}.Release|Any CPU.Build.0 = Release|Any CPU
		{C97FA452-48E8-4D99-9BF1-54FE293A130C}.Debug|Any CPU.ActiveCfg = Debug|Any CPU
		{C97FA452-48E8-4D99-9BF1-54FE293A130C}.Debug|Any CPU.Build.0 = Debug|Any CPU
		{C97FA452-48E8-4D99-9BF1-54FE293A130C}.Release|Any CPU.ActiveCfg = Release|Any CPU
		{C97FA452-48E8-4D99-9BF1-54FE293A130C}.Release|Any CPU.Build.0 = Release|Any CPU
	EndGlobalSection
	GlobalSection(SolutionProperties) = preSolution
		HideSolutionNode = FALSE
	EndGlobalSection
	GlobalSection(ExtensibilityGlobals) = postSolution
		SolutionGuid = {8A1B63A8-ACA5-48F6-8372-DCEE1F61A271}
	EndGlobalSection
EndGlobal
